
Microsoft Visual Studio Solution File, Format Version 12.00
# Visual Studio Version 17
VisualStudioVersion = 17.0.32126.317
MinimumVisualStudioVersion = 10.0.40219.1
Project("{FAE04EC0-301F-11D3-BF4B-00C04F79EFBC}") = "ECommerceApiVersion1", "ECommerceApiVersion1\ECommerceApiVersion1.csproj", "{45EBB7DC-4C3E-4F7B-9E4D-2802520AEF54}"
EndProject
Global
	GlobalSection(SolutionConfigurationPlatforms) = preSolution
		Debug|Any CPU = Debug|Any CPU
		Release|Any CPU = Release|Any CPU
	EndGlobalSection
	GlobalSection(ProjectConfigurationPlatforms) = postSolution
		{45EBB7DC-4C3E-4F7B-9E4D-2802520AEF54}.Debug|Any CPU.ActiveCfg = Debug|Any CPU
		{45EBB7DC-4C3E-4F7B-9E4D-2802520AEF54}.Debug|Any CPU.Build.0 = Debug|Any CPU
		{45EBB7DC-4C3E-4F7B-9E4D-2802520AEF54}.Release|Any CPU.ActiveCfg = Release|Any CPU
		{45EBB7DC-4C3E-4F7B-9E4D-2802520AEF54}.Release|Any CPU.Build.0 = Release|Any CPU
	EndGlobalSection
	GlobalSection(SolutionProperties) = preSolution
		HideSolutionNode = FALSE
	EndGlobalSection
	GlobalSection(ExtensibilityGlobals) = postSolution
		SolutionGuid = {F298EE8C-BF0C-47A6-A867-033FBE4F2A6F}
	EndGlobalSection
EndGlobal
